
Microsoft Visual Studio Solution File, Format Version 12.00
# Visual Studio Version 17
VisualStudioVersion = 17.10.34607.79
MinimumVisualStudioVersion = 10.0.40219.1
Project("{FAE04EC0-301F-11D3-BF4B-00C04F79EFBC}") = "EjemploDirectory", "EjemploDirectory\EjemploDirectory.csproj", "{3BF9BB15-DADD-454D-B994-914F38E77C6A}"
EndProject
Global
	GlobalSection(SolutionConfigurationPlatforms) = preSolution
		Debug|Any CPU = Debug|Any CPU
		Release|Any CPU = Release|Any CPU
	EndGlobalSection
	GlobalSection(ProjectConfigurationPlatforms) = postSolution
		{3BF9BB15-DADD-454D-B994-914F38E77C6A}.Debug|Any CPU.ActiveCfg = Debug|Any CPU
		{3BF9BB15-DADD-454D-B994-914F38E77C6A}.Debug|Any CPU.Build.0 = Debug|Any CPU
		{3BF9BB15-DADD-454D-B994-914F38E77C6A}.Release|Any CPU.ActiveCfg = Release|Any CPU
		{3BF9BB15-DADD-454D-B994-914F38E77C6A}.Release|Any CPU.Build.0 = Release|Any CPU
	EndGlobalSection
	GlobalSection(SolutionProperties) = preSolution
		HideSolutionNode = FALSE
	EndGlobalSection
	GlobalSection(ExtensibilityGlobals) = postSolution
		SolutionGuid = {4EE382A5-EC0E-4119-9791-96FF604F6C1A}
	EndGlobalSection
EndGlobal
